
Microsoft Visual Studio Solution File, Format Version 12.00
# Visual Studio Version 17
VisualStudioVersion = 17.13.35931.197 d17.13
MinimumVisualStudioVersion = 10.0.40219.1
Project("{FAE04EC0-301F-11D3-BF4B-00C04F79EFBC}") = "SupportAI.API", "SupportAI.API.csproj", "{3EEBF42C-82C5-4240-8740-0BB87FE2C956}"
EndProject
Project("{FAE04EC0-301F-11D3-BF4B-00C04F79EFBC}") = "SupportAI.Domain", "..\SupportAI.Domain\SupportAI.Domain.csproj", "{B72A41AD-C9AE-47A6-A7B1-A7792E7511DD}"
EndProject
Project("{FAE04EC0-301F-11D3-BF4B-00C04F79EFBC}") = "SupportAI.Application", "..\SupportAI.Application\SupportAI.Application.csproj", "{A1FDCCE2-E448-47E7-AAC0-216342A92B26}"
EndProject
Project("{FAE04EC0-301F-11D3-BF4B-00C04F79EFBC}") = "SupportAI.Infrastructure", "..\SupportAI.Infrastructure\SupportAI.Infrastructure.csproj", "{C4B78FCE-C055-4BE2-9D25-2DF794DE860F}"
EndProject
Global
	GlobalSection(SolutionConfigurationPlatforms) = preSolution
		Debug|Any CPU = Debug|Any CPU
		Release|Any CPU = Release|Any CPU
	EndGlobalSection
	GlobalSection(ProjectConfigurationPlatforms) = postSolution
		{3EEBF42C-82C5-4240-8740-0BB87FE2C956}.Debug|Any CPU.ActiveCfg = Debug|Any CPU
		{3EEBF42C-82C5-4240-8740-0BB87FE2C956}.Debug|Any CPU.Build.0 = Debug|Any CPU
		{3EEBF42C-82C5-4240-8740-0BB87FE2C956}.Release|Any CPU.ActiveCfg = Release|Any CPU
		{3EEBF42C-82C5-4240-8740-0BB87FE2C956}.Release|Any CPU.Build.0 = Release|Any CPU
		{B72A41AD-C9AE-47A6-A7B1-A7792E7511DD}.Debug|Any CPU.ActiveCfg = Debug|Any CPU
		{B72A41AD-C9AE-47A6-A7B1-A7792E7511DD}.Debug|Any CPU.Build.0 = Debug|Any CPU
		{B72A41AD-C9AE-47A6-A7B1-A7792E7511DD}.Release|Any CPU.ActiveCfg = Release|Any CPU
		{B72A41AD-C9AE-47A6-A7B1-A7792E7511DD}.Release|Any CPU.Build.0 = Release|Any CPU
		{A1FDCCE2-E448-47E7-AAC0-216342A92B26}.Debug|Any CPU.ActiveCfg = Debug|Any CPU
		{A1FDCCE2-E448-47E7-AAC0-216342A92B26}.Debug|Any CPU.Build.0 = Debug|Any CPU
		{A1FDCCE2-E448-47E7-AAC0-216342A92B26}.Release|Any CPU.ActiveCfg = Release|Any CPU
		{A1FDCCE2-E448-47E7-AAC0-216342A92B26}.Release|Any CPU.Build.0 = Release|Any CPU
		{C4B78FCE-C055-4BE2-9D25-2DF794DE860F}.Debug|Any CPU.ActiveCfg = Debug|Any CPU
		{C4B78FCE-C055-4BE2-9D25-2DF794DE860F}.Debug|Any CPU.Build.0 = Debug|Any CPU
		{C4B78FCE-C055-4BE2-9D25-2DF794DE860F}.Release|Any CPU.ActiveCfg = Release|Any CPU
		{C4B78FCE-C055-4BE2-9D25-2DF794DE860F}.Release|Any CPU.Build.0 = Release|Any CPU
	EndGlobalSection
	GlobalSection(SolutionProperties) = preSolution
		HideSolutionNode = FALSE
	EndGlobalSection
	GlobalSection(ExtensibilityGlobals) = postSolution
		SolutionGuid = {C61E18ED-2498-4B48-9B52-F605AE0A215C}
	EndGlobalSection
EndGlobal
